
Microsoft Visual Studio Solution File, Format Version 12.00
# Visual Studio Version 17
VisualStudioVersion = 17.5.002.0
MinimumVisualStudioVersion = 10.0.40219.1
Project("{9A19103F-16F7-4668-BE54-9A1E7A4F7556}") = "ERPSystem", "ERPSystem.csproj", "{C5BF7952-AE25-4800-B8BF-4FD1953E4FA3}"
EndProject
Global
	GlobalSection(SolutionConfigurationPlatforms) = preSolution
		Debug|Any CPU = Debug|Any CPU
		Release|Any CPU = Release|Any CPU
	EndGlobalSection
	GlobalSection(ProjectConfigurationPlatforms) = postSolution
		{C5BF7952-AE25-4800-B8BF-4FD1953E4FA3}.Debug|Any CPU.ActiveCfg = Debug|Any CPU
		{C5BF7952-AE25-4800-B8BF-4FD1953E4FA3}.Debug|Any CPU.Build.0 = Debug|Any CPU
		{C5BF7952-AE25-4800-B8BF-4FD1953E4FA3}.Release|Any CPU.ActiveCfg = Release|Any CPU
		{C5BF7952-AE25-4800-B8BF-4FD1953E4FA3}.Release|Any CPU.Build.0 = Release|Any CPU
	EndGlobalSection
	GlobalSection(SolutionProperties) = preSolution
		HideSolutionNode = FALSE
	EndGlobalSection
	GlobalSection(ExtensibilityGlobals) = postSolution
		SolutionGuid = {8E5F24F0-C28D-4971-9017-8D3E766C869B}
	EndGlobalSection
EndGlobal
